
Microsoft Visual Studio Solution File, Format Version 12.00
# Visual Studio Version 17
VisualStudioVersion = 17.2.32519.379
MinimumVisualStudioVersion = 10.0.40219.1
Project("{FAE04EC0-301F-11D3-BF4B-00C04F79EFBC}") = "Podatek", "Podatek\Podatek.csproj", "{27AB9690-AFFE-4834-9D52-DAF7786D6510}"
EndProject
Global
	GlobalSection(SolutionConfigurationPlatforms) = preSolution
		Debug|Any CPU = Debug|Any CPU
		Release|Any CPU = Release|Any CPU
	EndGlobalSection
	GlobalSection(ProjectConfigurationPlatforms) = postSolution
		{27AB9690-AFFE-4834-9D52-DAF7786D6510}.Debug|Any CPU.ActiveCfg = Debug|Any CPU
		{27AB9690-AFFE-4834-9D52-DAF7786D6510}.Debug|Any CPU.Build.0 = Debug|Any CPU
		{27AB9690-AFFE-4834-9D52-DAF7786D6510}.Release|Any CPU.ActiveCfg = Release|Any CPU
		{27AB9690-AFFE-4834-9D52-DAF7786D6510}.Release|Any CPU.Build.0 = Release|Any CPU
	EndGlobalSection
	GlobalSection(SolutionProperties) = preSolution
		HideSolutionNode = FALSE
	EndGlobalSection
	GlobalSection(ExtensibilityGlobals) = postSolution
		SolutionGuid = {1419F097-E28E-4230-9EE4-BAC5F13EAB5C}
	EndGlobalSection
EndGlobal
